
Microsoft Visual Studio Solution File, Format Version 12.00
# Visual Studio Version 17
VisualStudioVersion = 17.1.32210.238
MinimumVisualStudioVersion = 10.0.40219.1
Project("{FAE04EC0-301F-11D3-BF4B-00C04F79EFBC}") = "Artistry", "Artistry\Artistry.csproj", "{FCDB66AD-5BBF-4C6B-BD0F-A281143A4B98}"
EndProject
Global
	GlobalSection(SolutionConfigurationPlatforms) = preSolution
		Debug|Any CPU = Debug|Any CPU
		Release|Any CPU = Release|Any CPU
	EndGlobalSection
	GlobalSection(ProjectConfigurationPlatforms) = postSolution
		{FCDB66AD-5BBF-4C6B-BD0F-A281143A4B98}.Debug|Any CPU.ActiveCfg = Debug|Any CPU
		{FCDB66AD-5BBF-4C6B-BD0F-A281143A4B98}.Debug|Any CPU.Build.0 = Debug|Any CPU
		{FCDB66AD-5BBF-4C6B-BD0F-A281143A4B98}.Release|Any CPU.ActiveCfg = Release|Any CPU
		{FCDB66AD-5BBF-4C6B-BD0F-A281143A4B98}.Release|Any CPU.Build.0 = Release|Any CPU
	EndGlobalSection
	GlobalSection(SolutionProperties) = preSolution
		HideSolutionNode = FALSE
	EndGlobalSection
	GlobalSection(ExtensibilityGlobals) = postSolution
		SolutionGuid = {CE89DED2-95FD-4815-81AA-6D22FF64129D}
	EndGlobalSection
EndGlobal
